
Microsoft Visual Studio Solution File, Format Version 12.00
Project("{FAE04EC0-301F-11D3-BF4B-00C04F79EFBC}") = "GitActions", "GitActions\GitActions.csproj", "{7FB4153F-3D9F-430E-8587-14B9DBB6F304}"
EndProject
Project("{FAE04EC0-301F-11D3-BF4B-00C04F79EFBC}") = "Tests", "Tests\Tests.csproj", "{FADA9B8D-3CFF-423B-AF8B-010F35F22FA0}"
EndProject
Global
	GlobalSection(SolutionConfigurationPlatforms) = preSolution
		Debug|Any CPU = Debug|Any CPU
		Release|Any CPU = Release|Any CPU
	EndGlobalSection
	GlobalSection(ProjectConfigurationPlatforms) = postSolution
		{7FB4153F-3D9F-430E-8587-14B9DBB6F304}.Debug|Any CPU.ActiveCfg = Debug|Any CPU
		{7FB4153F-3D9F-430E-8587-14B9DBB6F304}.Debug|Any CPU.Build.0 = Debug|Any CPU
		{7FB4153F-3D9F-430E-8587-14B9DBB6F304}.Release|Any CPU.ActiveCfg = Release|Any CPU
		{7FB4153F-3D9F-430E-8587-14B9DBB6F304}.Release|Any CPU.Build.0 = Release|Any CPU
		{FADA9B8D-3CFF-423B-AF8B-010F35F22FA0}.Debug|Any CPU.ActiveCfg = Debug|Any CPU
		{FADA9B8D-3CFF-423B-AF8B-010F35F22FA0}.Debug|Any CPU.Build.0 = Debug|Any CPU
		{FADA9B8D-3CFF-423B-AF8B-010F35F22FA0}.Release|Any CPU.ActiveCfg = Release|Any CPU
		{FADA9B8D-3CFF-423B-AF8B-010F35F22FA0}.Release|Any CPU.Build.0 = Release|Any CPU
	EndGlobalSection
EndGlobal
